# This file is generated by running "yarn install" inside your project.
# Manual changes might be lost - proceed with caution!

__metadata:
  version: 6
  cacheKey: 8

"pnp-webpack-plugin@npm:^1.7.0":
  version: 1.7.0
  resolution: "pnp-webpack-plugin@npm:1.7.0"
  dependencies:
    ts-pnp: ^1.1.6
  checksum: a41716d13607be5a3e06ba58b17e9e619cf07da3a0a7b10bd41cd89362873041054fd2b7966ad30a1b26b826cfb8fecc0469a95902d5b1b8ba8f591e2fe6b96d
  languageName: node
  linkType: hard

"sample@workspace:.":
  version: 0.0.0-use.local
  resolution: "sample@workspace:."
  dependencies:
    pnp-webpack-plugin: ^1.7.0
    typescript: ^4.8.4
  languageName: unknown
  linkType: soft

"ts-pnp@npm:^1.1.6":
  version: 1.2.0
  resolution: "ts-pnp@npm:1.2.0"
  peerDependenciesMeta:
    typescript:
      optional: true
  checksum: c2a698b85d521298fe6f2435fbf2d3dc5834b423ea25abd321805ead3f399dbeedce7ca09492d7eb005b9d2c009c6b9587055bc3ab273dc6b9e40eefd7edb5b2
  languageName: node
  linkType: hard

"typescript@npm:^4.8.4":
  version: 4.8.4
  resolution: "typescript@npm:4.8.4"
  bin:
    tsc: bin/tsc
    tsserver: bin/tsserver
  checksum: 3e4f061658e0c8f36c820802fa809e0fd812b85687a9a2f5430bc3d0368e37d1c9605c3ce9b39df9a05af2ece67b1d844f9f6ea8ff42819f13bcb80f85629af0
  languageName: node
  linkType: hard

"typescript@patch:typescript@^4.8.4#~builtin<compat/typescript>":
  version: 4.8.4
  resolution: "typescript@patch:typescript@npm%3A4.8.4#~builtin<compat/typescript>::version=4.8.4&hash=a1c5e5"
  bin:
    tsc: bin/tsc
    tsserver: bin/tsserver
  checksum: 563a0ef47abae6df27a9a3ab38f75fc681f633ccf1a3502b1108e252e187787893de689220f4544aaf95a371a4eb3141e4a337deb9895de5ac3c1ca76430e5f0
  languageName: node
  linkType: hard
